
Microsoft Visual Studio Solution File, Format Version 12.00
# Visual Studio Version 16
VisualStudioVersion = 16.0.31515.178
MinimumVisualStudioVersion = 10.0.40219.1
Project("{FAE04EC0-301F-11D3-BF4B-00C04F79EFBC}") = "Bitacoras", "Bitacoras\Bitacoras.csproj", "{072DEFDE-A220-4090-8A50-0C142B24D71D}"
EndProject
Project("{FAE04EC0-301F-11D3-BF4B-00C04F79EFBC}") = "Probando_Bitacora", "Probando_Bitacora\Probando_Bitacora.csproj", "{0A0EF6F3-413A-4FE6-85C8-E6BC29EC3608}"
EndProject
Global
	GlobalSection(SolutionConfigurationPlatforms) = preSolution
		Debug|Any CPU = Debug|Any CPU
		Release|Any CPU = Release|Any CPU
	EndGlobalSection
	GlobalSection(ProjectConfigurationPlatforms) = postSolution
		{072DEFDE-A220-4090-8A50-0C142B24D71D}.Debug|Any CPU.ActiveCfg = Debug|Any CPU
		{072DEFDE-A220-4090-8A50-0C142B24D71D}.Debug|Any CPU.Build.0 = Debug|Any CPU
		{072DEFDE-A220-4090-8A50-0C142B24D71D}.Release|Any CPU.ActiveCfg = Release|Any CPU
		{072DEFDE-A220-4090-8A50-0C142B24D71D}.Release|Any CPU.Build.0 = Release|Any CPU
		{0A0EF6F3-413A-4FE6-85C8-E6BC29EC3608}.Debug|Any CPU.ActiveCfg = Debug|Any CPU
		{0A0EF6F3-413A-4FE6-85C8-E6BC29EC3608}.Debug|Any CPU.Build.0 = Debug|Any CPU
		{0A0EF6F3-413A-4FE6-85C8-E6BC29EC3608}.Release|Any CPU.ActiveCfg = Release|Any CPU
		{0A0EF6F3-413A-4FE6-85C8-E6BC29EC3608}.Release|Any CPU.Build.0 = Release|Any CPU
	EndGlobalSection
	GlobalSection(SolutionProperties) = preSolution
		HideSolutionNode = FALSE
	EndGlobalSection
	GlobalSection(ExtensibilityGlobals) = postSolution
		SolutionGuid = {92A63139-07B6-4141-A174-A8A61B27366A}
	EndGlobalSection
EndGlobal
